
Microsoft Visual Studio Solution File, Format Version 12.00
# Visual Studio Version 17
VisualStudioVersion = 17.8.34309.116
MinimumVisualStudioVersion = 10.0.40219.1
Project("{FAE04EC0-301F-11D3-BF4B-00C04F79EFBC}") = "CalcStats", "CalcStats\CalcStats.csproj", "{43451D46-86C3-49E9-A78C-E127FC4B2A9B}"
EndProject
Project("{FAE04EC0-301F-11D3-BF4B-00C04F79EFBC}") = "CalcStats.Tests", "CalcStats.Tests\CalcStats.Tests.csproj", "{CF8A0AB0-5EDD-4DA5-BB3B-89A4E309C282}"
EndProject
Project("{FAE04EC0-301F-11D3-BF4B-00C04F79EFBC}") = "PrimeComposite", "PrimeComposite\PrimeComposite.csproj", "{AC146E34-BC1D-443D-B1A7-36D04851875D}"
EndProject
Project("{FAE04EC0-301F-11D3-BF4B-00C04F79EFBC}") = "PrimeComposite.Tests", "PrimeComposite.Tests\PrimeComposite.Tests.csproj", "{3A6E52C6-3A22-4F1C-9F26-0E084E8C551B}"
EndProject
Global
	GlobalSection(SolutionConfigurationPlatforms) = preSolution
		Debug|Any CPU = Debug|Any CPU
		Release|Any CPU = Release|Any CPU
	EndGlobalSection
	GlobalSection(ProjectConfigurationPlatforms) = postSolution
		{43451D46-86C3-49E9-A78C-E127FC4B2A9B}.Debug|Any CPU.ActiveCfg = Debug|Any CPU
		{43451D46-86C3-49E9-A78C-E127FC4B2A9B}.Debug|Any CPU.Build.0 = Debug|Any CPU
		{43451D46-86C3-49E9-A78C-E127FC4B2A9B}.Release|Any CPU.ActiveCfg = Release|Any CPU
		{43451D46-86C3-49E9-A78C-E127FC4B2A9B}.Release|Any CPU.Build.0 = Release|Any CPU
		{CF8A0AB0-5EDD-4DA5-BB3B-89A4E309C282}.Debug|Any CPU.ActiveCfg = Debug|Any CPU
		{CF8A0AB0-5EDD-4DA5-BB3B-89A4E309C282}.Debug|Any CPU.Build.0 = Debug|Any CPU
		{CF8A0AB0-5EDD-4DA5-BB3B-89A4E309C282}.Release|Any CPU.ActiveCfg = Release|Any CPU
		{CF8A0AB0-5EDD-4DA5-BB3B-89A4E309C282}.Release|Any CPU.Build.0 = Release|Any CPU
		{AC146E34-BC1D-443D-B1A7-36D04851875D}.Debug|Any CPU.ActiveCfg = Debug|Any CPU
		{AC146E34-BC1D-443D-B1A7-36D04851875D}.Debug|Any CPU.Build.0 = Debug|Any CPU
		{AC146E34-BC1D-443D-B1A7-36D04851875D}.Release|Any CPU.ActiveCfg = Release|Any CPU
		{AC146E34-BC1D-443D-B1A7-36D04851875D}.Release|Any CPU.Build.0 = Release|Any CPU
		{3A6E52C6-3A22-4F1C-9F26-0E084E8C551B}.Debug|Any CPU.ActiveCfg = Debug|Any CPU
		{3A6E52C6-3A22-4F1C-9F26-0E084E8C551B}.Debug|Any CPU.Build.0 = Debug|Any CPU
		{3A6E52C6-3A22-4F1C-9F26-0E084E8C551B}.Release|Any CPU.ActiveCfg = Release|Any CPU
		{3A6E52C6-3A22-4F1C-9F26-0E084E8C551B}.Release|Any CPU.Build.0 = Release|Any CPU
	EndGlobalSection
	GlobalSection(SolutionProperties) = preSolution
		HideSolutionNode = FALSE
	EndGlobalSection
	GlobalSection(ExtensibilityGlobals) = postSolution
		SolutionGuid = {F3470DA0-882D-449D-827F-38C28AF276B1}
	EndGlobalSection
EndGlobal
